
Microsoft Visual Studio Solution File, Format Version 12.00
# Visual Studio 2012
Project("{535C04D7-A2A5-47C7-83E0-B340A995CD1F}") = "WhitingProgram04", "WhitingProgram04\WhitingProgram04.cblproj", "{86DFD9ED-AD91-4AF2-A7F9-5F9DC4FB1F91}"
EndProject
Global
	GlobalSection(SolutionConfigurationPlatforms) = preSolution
		Debug|x86 = Debug|x86
		Release|x86 = Release|x86
	EndGlobalSection
	GlobalSection(ProjectConfigurationPlatforms) = postSolution
		{86DFD9ED-AD91-4AF2-A7F9-5F9DC4FB1F91}.Debug|x86.ActiveCfg = Debug|x86
		{86DFD9ED-AD91-4AF2-A7F9-5F9DC4FB1F91}.Debug|x86.Build.0 = Debug|x86
		{86DFD9ED-AD91-4AF2-A7F9-5F9DC4FB1F91}.Release|x86.ActiveCfg = Release|x86
		{86DFD9ED-AD91-4AF2-A7F9-5F9DC4FB1F91}.Release|x86.Build.0 = Release|x86
	EndGlobalSection
	GlobalSection(SolutionProperties) = preSolution
		HideSolutionNode = FALSE
	EndGlobalSection
EndGlobal
